{
  "requires": true,
  "lockfileVersion": 1,
  "dependencies": {
    "tinycolor2": {
      "version": "1.4.1",
      "resolved": "https://registry.npmjs.org/tinycolor2/-/tinycolor2-1.4.1.tgz",
      "integrity": "sha1-9PrTM0R7wLB9TcjpIJ2POaisd+g="
    },
    "tinygradient": {
      "version": "0.3.1",
      "resolved": "https://registry.npmjs.org/tinygradient/-/tinygradient-0.3.1.tgz",
      "integrity": "sha1-LZ5PvjSMSX7RHih6QzaDWz/RECI=",
      "requires": {
        "tinycolor2": "1.4.1"
      }
    }
  }
}
